
Microsoft Visual Studio Solution File, Format Version 12.00
# Visual Studio Version 17
VisualStudioVersion = 17.11.35208.52
MinimumVisualStudioVersion = 10.0.40219.1
Project("{FAE04EC0-301F-11D3-BF4B-00C04F79EFBC}") = "QueueDisplayApp", "QueueDisplayApp.csproj", "{0B8AF92E-587C-415C-A70B-911C303A9E23}"
EndProject
Global
	GlobalSection(SolutionConfigurationPlatforms) = preSolution
		Debug|Any CPU = Debug|Any CPU
		Release|Any CPU = Release|Any CPU
	EndGlobalSection
	GlobalSection(ProjectConfigurationPlatforms) = postSolution
		{0B8AF92E-587C-415C-A70B-911C303A9E23}.Debug|Any CPU.ActiveCfg = Debug|Any CPU
		{0B8AF92E-587C-415C-A70B-911C303A9E23}.Debug|Any CPU.Build.0 = Debug|Any CPU
		{0B8AF92E-587C-415C-A70B-911C303A9E23}.Release|Any CPU.ActiveCfg = Release|Any CPU
		{0B8AF92E-587C-415C-A70B-911C303A9E23}.Release|Any CPU.Build.0 = Release|Any CPU
	EndGlobalSection
	GlobalSection(SolutionProperties) = preSolution
		HideSolutionNode = FALSE
	EndGlobalSection
	GlobalSection(ExtensibilityGlobals) = postSolution
		SolutionGuid = {4EFD7819-63BC-4FB3-B8A6-9D2528298E9C}
	EndGlobalSection
EndGlobal
